// !$*UTF8*$!
{
	archiveVersion = 1;
	classes = {
	};
	objectVersion = 56;
	objects = {

/* Begin PBXBuildFile section */
		16453C8D524DBD3C0A555AA9 /* Pods_devices.framework in Frameworks */ = {isa = PBXBuildFile; fileRef = 8B5E1A83E1FFCF5448E8E91F /* Pods_devices.framework */; };
		6D2F31752B67C25300A39C70 /* DeviceData.swift in Sources */ = {isa = PBXBuildFile; fileRef = 6D2F31742B67C25300A39C70 /* DeviceData.swift */; };
		6D2F317A2B693C3600A39C70 /* DownloadError.swift in Sources */ = {isa = PBXBuildFile; fileRef = 6D2F31792B693C3600A39C70 /* DownloadError.swift */; };
		6D2F317C2B6D147400A39C70 /* DeviceManager.swift in Sources */ = {isa = PBXBuildFile; fileRef = 6D2F317B2B6D147400A39C70 /* DeviceManager.swift */; };
		6D2F317E2B6D177F00A39C70 /* DevicesFile.swift in Sources */ = {isa = PBXBuildFile; fileRef = 6D2F317D2B6D177F00A39C70 /* DevicesFile.swift */; };
		6D6406BE2B64077D0086E3F7 /* AppDelegate.swift in Sources */ = {isa = PBXBuildFile; fileRef = 6D6406BD2B64077D0086E3F7 /* AppDelegate.swift */; };
		6D6406C02B64077D0086E3F7 /* SceneDelegate.swift in Sources */ = {isa = PBXBuildFile; fileRef = 6D6406BF2B64077D0086E3F7 /* SceneDelegate.swift */; };
		6D6406C22B64077D0086E3F7 /* ViewController.swift in Sources */ = {isa = PBXBuildFile; fileRef = 6D6406C12B64077D0086E3F7 /* ViewController.swift */; };
		6D6406C72B64077F0086E3F7 /* Assets.xcassets in Resources */ = {isa = PBXBuildFile; fileRef = 6D6406C62B64077F0086E3F7 /* Assets.xcassets */; };
		6D6406CA2B64077F0086E3F7 /* LaunchScreen.storyboard in Resources */ = {isa = PBXBuildFile; fileRef = 6D6406C82B64077F0086E3F7 /* LaunchScreen.storyboard */; };
		6D6406D22B651D830086E3F7 /* NetworkManager.swift in Sources */ = {isa = PBXBuildFile; fileRef = 6D6406D12B651D830086E3F7 /* NetworkManager.swift */; };
		6D6406D42B65241B0086E3F7 /* FileStore.swift in Sources */ = {isa = PBXBuildFile; fileRef = 6D6406D32B65241B0086E3F7 /* FileStore.swift */; };
/* End PBXBuildFile section */

/* Begin PBXFileReference section */
		5EC0FC76C7D348147EB08942 /* Pods-devices.release.xcconfig */ = {isa = PBXFileReference; includeInIndex = 1; lastKnownFileType = text.xcconfig; name = "Pods-devices.release.xcconfig"; path = "Target Support Files/Pods-devices/Pods-devices.release.xcconfig"; sourceTree = "<group>"; };
		6D2F31742B67C25300A39C70 /* DeviceData.swift */ = {isa = PBXFileReference; lastKnownFileType = sourcecode.swift; path = DeviceData.swift; sourceTree = "<group>"; };
		6D2F31792B693C3600A39C70 /* DownloadError.swift */ = {isa = PBXFileReference; lastKnownFileType = sourcecode.swift; path = DownloadError.swift; sourceTree = "<group>"; };
		6D2F317B2B6D147400A39C70 /* DeviceManager.swift */ = {isa = PBXFileReference; lastKnownFileType = sourcecode.swift; path = DeviceManager.swift; sourceTree = "<group>"; };
		6D2F317D2B6D177F00A39C70 /* DevicesFile.swift */ = {isa = PBXFileReference; lastKnownFileType = sourcecode.swift; path = DevicesFile.swift; sourceTree = "<group>"; };
		6D6406BA2B64077D0086E3F7 /* devices.app */ = {isa = PBXFileReference; explicitFileType = wrapper.application; includeInIndex = 0; path = devices.app; sourceTree = BUILT_PRODUCTS_DIR; };
		6D6406BD2B64077D0086E3F7 /* AppDelegate.swift */ = {isa = PBXFileReference; lastKnownFileType = sourcecode.swift; path = AppDelegate.swift; sourceTree = "<group>"; };
		6D6406BF2B64077D0086E3F7 /* SceneDelegate.swift */ = {isa = PBXFileReference; lastKnownFileType = sourcecode.swift; path = SceneDelegate.swift; sourceTree = "<group>"; };
		6D6406C12B64077D0086E3F7 /* ViewController.swift */ = {isa = PBXFileReference; lastKnownFileType = sourcecode.swift; path = ViewController.swift; sourceTree = "<group>"; };
		6D6406C62B64077F0086E3F7 /* Assets.xcassets */ = {isa = PBXFileReference; lastKnownFileType = folder.assetcatalog; path = Assets.xcassets; sourceTree = "<group>"; };
		6D6406C92B64077F0086E3F7 /* Base */ = {isa = PBXFileReference; lastKnownFileType = file.storyboard; name = Base; path = Base.lproj/LaunchScreen.storyboard; sourceTree = "<group>"; };
		6D6406CB2B64077F0086E3F7 /* Info.plist */ = {isa = PBXFileReference; lastKnownFileType = text.plist.xml; path = Info.plist; sourceTree = "<group>"; };
		6D6406D12B651D830086E3F7 /* NetworkManager.swift */ = {isa = PBXFileReference; lastKnownFileType = sourcecode.swift; path = NetworkManager.swift; sourceTree = "<group>"; };
		6D6406D32B65241B0086E3F7 /* FileStore.swift */ = {isa = PBXFileReference; lastKnownFileType = sourcecode.swift; path = FileStore.swift; sourceTree = "<group>"; };
		8B5E1A83E1FFCF5448E8E91F /* Pods_devices.framework */ = {isa = PBXFileReference; explicitFileType = wrapper.framework; includeInIndex = 0; path = Pods_devices.framework; sourceTree = BUILT_PRODUCTS_DIR; };
		E790BAF78A471F35D3623B02 /* Pods-devices.debug.xcconfig */ = {isa = PBXFileReference; includeInIndex = 1; lastKnownFileType = text.xcconfig; name = "Pods-devices.debug.xcconfig"; path = "Target Support Files/Pods-devices/Pods-devices.debug.xcconfig"; sourceTree = "<group>"; };
/* End PBXFileReference section */

/* Begin PBXFrameworksBuildPhase section */
		6D6406B72B64077D0086E3F7 /* Frameworks */ = {
			isa = PBXFrameworksBuildPhase;
			buildActionMask = 2147483647;
			files = (
				16453C8D524DBD3C0A555AA9 /* Pods_devices.framework in Frameworks */,
			);
			runOnlyForDeploymentPostprocessing = 0;
		};
/* End PBXFrameworksBuildPhase section */

/* Begin PBXGroup section */
		540C51B905C3F56412083525 /* Pods */ = {
			isa = PBXGroup;
			children = (
				E790BAF78A471F35D3623B02 /* Pods-devices.debug.xcconfig */,
				5EC0FC76C7D348147EB08942 /* Pods-devices.release.xcconfig */,
			);
			path = Pods;
			sourceTree = "<group>";
		};
		6D2F31732B67C23A00A39C70 /* Model */ = {
			isa = PBXGroup;
			children = (
				6D2F31742B67C25300A39C70 /* DeviceData.swift */,
				6D2F31792B693C3600A39C70 /* DownloadError.swift */,
				6D2F317D2B6D177F00A39C70 /* DevicesFile.swift */,
			);
			path = Model;
			sourceTree = "<group>";
		};
		6D6406B12B64077D0086E3F7 = {
			isa = PBXGroup;
			children = (
				6D6406BC2B64077D0086E3F7 /* devices */,
				6D6406BB2B64077D0086E3F7 /* Products */,
				540C51B905C3F56412083525 /* Pods */,
				8F758FED5E7192C25BFAFE34 /* Frameworks */,
			);
			sourceTree = "<group>";
		};
		6D6406BB2B64077D0086E3F7 /* Products */ = {
			isa = PBXGroup;
			children = (
				6D6406BA2B64077D0086E3F7 /* devices.app */,
			);
			name = Products;
			sourceTree = "<group>";
		};
		6D6406BC2B64077D0086E3F7 /* devices */ = {
			isa = PBXGroup;
			children = (
				6D2F31732B67C23A00A39C70 /* Model */,
				6D6406D62B652D410086E3F7 /* Manager */,
				6D6406D52B652D2D0086E3F7 /* Controller */,
				6D6406BD2B64077D0086E3F7 /* AppDelegate.swift */,
				6D6406BF2B64077D0086E3F7 /* SceneDelegate.swift */,
				6D6406CB2B64077F0086E3F7 /* Info.plist */,
				6D6406D82B652D680086E3F7 /* Other */,
			);
			path = devices;
			sourceTree = "<group>";
		};
		6D6406D52B652D2D0086E3F7 /* Controller */ = {
			isa = PBXGroup;
			children = (
				6D6406C12B64077D0086E3F7 /* ViewController.swift */,
			);
			path = Controller;
			sourceTree = "<group>";
		};
		6D6406D62B652D410086E3F7 /* Manager */ = {
			isa = PBXGroup;
			children = (
				6D6406D32B65241B0086E3F7 /* FileStore.swift */,
				6D6406D12B651D830086E3F7 /* NetworkManager.swift */,
				6D2F317B2B6D147400A39C70 /* DeviceManager.swift */,
			);
			path = Manager;
			sourceTree = "<group>";
		};
		6D6406D82B652D680086E3F7 /* Other */ = {
			isa = PBXGroup;
			children = (
				6D6406C62B64077F0086E3F7 /* Assets.xcassets */,
				6D6406C82B64077F0086E3F7 /* LaunchScreen.storyboard */,
			);
			path = Other;
			sourceTree = "<group>";
		};
		8F758FED5E7192C25BFAFE34 /* Frameworks */ = {
			isa = PBXGroup;
			children = (
				8B5E1A83E1FFCF5448E8E91F /* Pods_devices.framework */,
			);
			name = Frameworks;
			sourceTree = "<group>";
		};
/* End PBXGroup section */

/* Begin PBXNativeTarget section */
		6D6406B92B64077D0086E3F7 /* devices */ = {
			isa = PBXNativeTarget;
			buildConfigurationList = 6D6406CE2B64077F0086E3F7 /* Build configuration list for PBXNativeTarget "devices" */;
			buildPhases = (
				6D2F31722B67C07300A39C70 /* ShellScript */,
				2513F7FA3A96D3C9938BBA96 /* [CP] Check Pods Manifest.lock */,
				6D6406B62B64077D0086E3F7 /* Sources */,
				6D6406B72B64077D0086E3F7 /* Frameworks */,
				6D6406B82B64077D0086E3F7 /* Resources */,
			);
			buildRules = (
			);
			dependencies = (
			);
			name = devices;
			productName = devices;
			productReference = 6D6406BA2B64077D0086E3F7 /* devices.app */;
			productType = "com.apple.product-type.application";
		};
/* End PBXNativeTarget section */

/* Begin PBXProject section */
		6D6406B22B64077D0086E3F7 /* Project object */ = {
			isa = PBXProject;
			attributes = {
				BuildIndependentTargetsInParallel = 1;
				LastSwiftUpdateCheck = 1520;
				LastUpgradeCheck = 1520;
				TargetAttributes = {
					6D6406B92B64077D0086E3F7 = {
						CreatedOnToolsVersion = 15.2;
					};
				};
			};
			buildConfigurationList = 6D6406B52B64077D0086E3F7 /* Build configuration list for PBXProject "devices" */;
			compatibilityVersion = "Xcode 14.0";
			developmentRegion = en;
			hasScannedForEncodings = 0;
			knownRegions = (
				en,
				Base,
			);
			mainGroup = 6D6406B12B64077D0086E3F7;
			productRefGroup = 6D6406BB2B64077D0086E3F7 /* Products */;
			projectDirPath = "";
			projectRoot = "";
			targets = (
				6D6406B92B64077D0086E3F7 /* devices */,
			);
		};
/* End PBXProject section */

/* Begin PBXResourcesBuildPhase section */
		6D6406B82B64077D0086E3F7 /* Resources */ = {
			isa = PBXResourcesBuildPhase;
			buildActionMask = 2147483647;
			files = (
				6D6406CA2B64077F0086E3F7 /* LaunchScreen.storyboard in Resources */,
				6D6406C72B64077F0086E3F7 /* Assets.xcassets in Resources */,
			);
			runOnlyForDeploymentPostprocessing = 0;
		};
/* End PBXResourcesBuildPhase section */

/* Begin PBXShellScriptBuildPhase section */
		2513F7FA3A96D3C9938BBA96 /* [CP] Check Pods Manifest.lock */ = {
			isa = PBXShellScriptBuildPhase;
			buildActionMask = 2147483647;
			files = (
			);
			inputFileListPaths = (
			);
			inputPaths = (
				"${PODS_PODFILE_DIR_PATH}/Podfile.lock",
				"${PODS_ROOT}/Manifest.lock",
			);
			name = "[CP] Check Pods Manifest.lock";
			outputFileListPaths = (
			);
			outputPaths = (
				"$(DERIVED_FILE_DIR)/Pods-devices-checkManifestLockResult.txt",
			);
			runOnlyForDeploymentPostprocessing = 0;
			shellPath = /bin/sh;
			shellScript = "diff \"${PODS_PODFILE_DIR_PATH}/Podfile.lock\" \"${PODS_ROOT}/Manifest.lock\" > /dev/null\nif [ $? != 0 ] ; then\n    # print error to STDERR\n    echo \"error: The sandbox is not in sync with the Podfile.lock. Run 'pod install' or update your CocoaPods installation.\" >&2\n    exit 1\nfi\n# This output is used by Xcode 'outputs' to avoid re-running this script phase.\necho \"SUCCESS\" > \"${SCRIPT_OUTPUT_FILE_0}\"\n";
			showEnvVarsInLog = 0;
		};
		6D2F31722B67C07300A39C70 /* ShellScript */ = {
			isa = PBXShellScriptBuildPhase;
			alwaysOutOfDate = 1;
			buildActionMask = 2147483647;
			files = (
			);
			inputFileListPaths = (
			);
			inputPaths = (
			);
			outputFileListPaths = (
			);
			outputPaths = (
			);
			runOnlyForDeploymentPostprocessing = 0;
			shellPath = /bin/sh;
			shellScript = "\"${PODS_ROOT}/SwiftLint/swiftlint\"\n";
		};
/* End PBXShellScriptBuildPhase section */

/* Begin PBXSourcesBuildPhase section */
		6D6406B62B64077D0086E3F7 /* Sources */ = {
			isa = PBXSourcesBuildPhase;
			buildActionMask = 2147483647;
			files = (
				6D6406D42B65241B0086E3F7 /* FileStore.swift in Sources */,
				6D2F317C2B6D147400A39C70 /* DeviceManager.swift in Sources */,
				6D6406D22B651D830086E3F7 /* NetworkManager.swift in Sources */,
				6D6406C22B64077D0086E3F7 /* ViewController.swift in Sources */,
				6D6406BE2B64077D0086E3F7 /* AppDelegate.swift in Sources */,
				6D6406C02B64077D0086E3F7 /* SceneDelegate.swift in Sources */,
				6D2F317A2B693C3600A39C70 /* DownloadError.swift in Sources */,
				6D2F317E2B6D177F00A39C70 /* DevicesFile.swift in Sources */,
				6D2F31752B67C25300A39C70 /* DeviceData.swift in Sources */,
			);
			runOnlyForDeploymentPostprocessing = 0;
		};
/* End PBXSourcesBuildPhase section */

/* Begin PBXVariantGroup section */
		6D6406C82B64077F0086E3F7 /* LaunchScreen.storyboard */ = {
			isa = PBXVariantGroup;
			children = (
				6D6406C92B64077F0086E3F7 /* Base */,
			);
			name = LaunchScreen.storyboard;
			sourceTree = "<group>";
		};
/* End PBXVariantGroup section */

/* Begin XCBuildConfiguration section */
		6D6406CC2B64077F0086E3F7 /* Debug */ = {
			isa = XCBuildConfiguration;
			buildSettings = {
				ALWAYS_SEARCH_USER_PATHS = NO;
				ASSETCATALOG_COMPILER_GENERATE_SWIFT_ASSET_SYMBOL_EXTENSIONS = YES;
				CLANG_ANALYZER_NONNULL = YES;
				CLANG_ANALYZER_NUMBER_OBJECT_CONVERSION = YES_AGGRESSIVE;
				CLANG_CXX_LANGUAGE_STANDARD = "gnu++20";
				CLANG_ENABLE_MODULES = YES;
				CLANG_ENABLE_OBJC_ARC = YES;
				CLANG_ENABLE_OBJC_WEAK = YES;
				CLANG_WARN_BLOCK_CAPTURE_AUTORELEASING = YES;
				CLANG_WARN_BOOL_CONVERSION = YES;
				CLANG_WARN_COMMA = YES;
				CLANG_WARN_CONSTANT_CONVERSION = YES;
				CLANG_WARN_DEPRECATED_OBJC_IMPLEMENTATIONS = YES;
				CLANG_WARN_DIRECT_OBJC_ISA_USAGE = YES_ERROR;
				CLANG_WARN_DOCUMENTATION_COMMENTS = YES;
				CLANG_WARN_EMPTY_BODY = YES;
				CLANG_WARN_ENUM_CONVERSION = YES;
				CLANG_WARN_INFINITE_RECURSION = YES;
				CLANG_WARN_INT_CONVERSION = YES;
				CLANG_WARN_NON_LITERAL_NULL_CONVERSION = YES;
				CLANG_WARN_OBJC_IMPLICIT_RETAIN_SELF = YES;
				CLANG_WARN_OBJC_LITERAL_CONVERSION = YES;
				CLANG_WARN_OBJC_ROOT_CLASS = YES_ERROR;
				CLANG_WARN_QUOTED_INCLUDE_IN_FRAMEWORK_HEADER = YES;
				CLANG_WARN_RANGE_LOOP_ANALYSIS = YES;
				CLANG_WARN_STRICT_PROTOTYPES = YES;
				CLANG_WARN_SUSPICIOUS_MOVE = YES;
				CLANG_WARN_UNGUARDED_AVAILABILITY = YES_AGGRESSIVE;
				CLANG_WARN_UNREACHABLE_CODE = YES;
				CLANG_WARN__DUPLICATE_METHOD_MATCH = YES;
				COPY_PHASE_STRIP = NO;
				DEBUG_INFORMATION_FORMAT = dwarf;
				ENABLE_STRICT_OBJC_MSGSEND = YES;
				ENABLE_TESTABILITY = YES;
				ENABLE_USER_SCRIPT_SANDBOXING = NO;
				GCC_C_LANGUAGE_STANDARD = gnu17;
				GCC_DYNAMIC_NO_PIC = NO;
				GCC_NO_COMMON_BLOCKS = YES;
				GCC_OPTIMIZATION_LEVEL = 0;
				GCC_PREPROCESSOR_DEFINITIONS = (
					"DEBUG=1",
					"$(inherited)",
				);
				GCC_WARN_64_TO_32_BIT_CONVERSION = YES;
				GCC_WARN_ABOUT_RETURN_TYPE = YES_ERROR;
				GCC_WARN_UNDECLARED_SELECTOR = YES;
				GCC_WARN_UNINITIALIZED_AUTOS = YES_AGGRESSIVE;
				GCC_WARN_UNUSED_FUNCTION = YES;
				GCC_WARN_UNUSED_VARIABLE = YES;
				IPHONEOS_DEPLOYMENT_TARGET = 17.2;
				LOCALIZATION_PREFERS_STRING_CATALOGS = YES;
				MTL_ENABLE_DEBUG_INFO = INCLUDE_SOURCE;
				MTL_FAST_MATH = YES;
				ONLY_ACTIVE_ARCH = YES;
				SDKROOT = iphoneos;
				SWIFT_ACTIVE_COMPILATION_CONDITIONS = "DEBUG $(inherited)";
				SWIFT_OPTIMIZATION_LEVEL = "-Onone";
			};
			name = Debug;
		};
		6D6406CD2B64077F0086E3F7 /* Release */ = {
			isa = XCBuildConfiguration;
			buildSettings = {
				ALWAYS_SEARCH_USER_PATHS = NO;
				ASSETCATALOG_COMPILER_GENERATE_SWIFT_ASSET_SYMBOL_EXTENSIONS = YES;
				CLANG_ANALYZER_NONNULL = YES;
				CLANG_ANALYZER_NUMBER_OBJECT_CONVERSION = YES_AGGRESSIVE;
				CLANG_CXX_LANGUAGE_STANDARD = "gnu++20";
				CLANG_ENABLE_MODULES = YES;
				CLANG_ENABLE_OBJC_ARC = YES;
				CLANG_ENABLE_OBJC_WEAK = YES;
				CLANG_WARN_BLOCK_CAPTURE_AUTORELEASING = YES;
				CLANG_WARN_BOOL_CONVERSION = YES;
				CLANG_WARN_COMMA = YES;
				CLANG_WARN_CONSTANT_CONVERSION = YES;
				CLANG_WARN_DEPRECATED_OBJC_IMPLEMENTATIONS = YES;
				CLANG_WARN_DIRECT_OBJC_ISA_USAGE = YES_ERROR;
				CLANG_WARN_DOCUMENTATION_COMMENTS = YES;
				CLANG_WARN_EMPTY_BODY = YES;
				CLANG_WARN_ENUM_CONVERSION = YES;
				CLANG_WARN_INFINITE_RECURSION = YES;
				CLANG_WARN_INT_CONVERSION = YES;
				CLANG_WARN_NON_LITERAL_NULL_CONVERSION = YES;
				CLANG_WARN_OBJC_IMPLICIT_RETAIN_SELF = YES;
				CLANG_WARN_OBJC_LITERAL_CONVERSION = YES;
				CLANG_WARN_OBJC_ROOT_CLASS = YES_ERROR;
				CLANG_WARN_QUOTED_INCLUDE_IN_FRAMEWORK_HEADER = YES;
				CLANG_WARN_RANGE_LOOP_ANALYSIS = YES;
				CLANG_WARN_STRICT_PROTOTYPES = YES;
				CLANG_WARN_SUSPICIOUS_MOVE = YES;
				CLANG_WARN_UNGUARDED_AVAILABILITY = YES_AGGRESSIVE;
				CLANG_WARN_UNREACHABLE_CODE = YES;
				CLANG_WARN__DUPLICATE_METHOD_MATCH = YES;
				COPY_PHASE_STRIP = NO;
				DEBUG_INFORMATION_FORMAT = "dwarf-with-dsym";
				ENABLE_NS_ASSERTIONS = NO;
				ENABLE_STRICT_OBJC_MSGSEND = YES;
				ENABLE_USER_SCRIPT_SANDBOXING = NO;
				GCC_C_LANGUAGE_STANDARD = gnu17;
				GCC_NO_COMMON_BLOCKS = YES;
				GCC_WARN_64_TO_32_BIT_CONVERSION = YES;
				GCC_WARN_ABOUT_RETURN_TYPE = YES_ERROR;
				GCC_WARN_UNDECLARED_SELECTOR = YES;
				GCC_WARN_UNINITIALIZED_AUTOS = YES_AGGRESSIVE;
				GCC_WARN_UNUSED_FUNCTION = YES;
				GCC_WARN_UNUSED_VARIABLE = YES;
				IPHONEOS_DEPLOYMENT_TARGET = 17.2;
				LOCALIZATION_PREFERS_STRING_CATALOGS = YES;
				MTL_ENABLE_DEBUG_INFO = NO;
				MTL_FAST_MATH = YES;
				SDKROOT = iphoneos;
				SWIFT_COMPILATION_MODE = wholemodule;
				VALIDATE_PRODUCT = YES;
			};
			name = Release;
		};
		6D6406CF2B64077F0086E3F7 /* Debug */ = {
			isa = XCBuildConfiguration;
			baseConfigurationReference = E790BAF78A471F35D3623B02 /* Pods-devices.debug.xcconfig */;
			buildSettings = {
				ASSETCATALOG_COMPILER_APPICON_NAME = AppIcon;
				ASSETCATALOG_COMPILER_GLOBAL_ACCENT_COLOR_NAME = AccentColor;
				CODE_SIGN_STYLE = Automatic;
				CURRENT_PROJECT_VERSION = 1;
				DEVELOPMENT_TEAM = 92RNZ7CX2N;
				GENERATE_INFOPLIST_FILE = YES;
				INFOPLIST_FILE = devices/Info.plist;
				INFOPLIST_KEY_UIApplicationSupportsIndirectInputEvents = YES;
				INFOPLIST_KEY_UILaunchStoryboardName = LaunchScreen;
				INFOPLIST_KEY_UISupportedInterfaceOrientations = UIInterfaceOrientationPortrait;
				IPHONEOS_DEPLOYMENT_TARGET = 15.0;
				LD_RUNPATH_SEARCH_PATHS = (
					"$(inherited)",
					"@executable_path/Frameworks",
				);
				MARKETING_VERSION = 1.0;
				PRODUCT_BUNDLE_IDENTIFIER = Elya.devices;
				PRODUCT_NAME = "$(TARGET_NAME)";
				SWIFT_EMIT_LOC_STRINGS = YES;
				SWIFT_VERSION = 5.0;
				TARGETED_DEVICE_FAMILY = "1,2";
			};
			name = Debug;
		};
		6D6406D02B64077F0086E3F7 /* Release */ = {
			isa = XCBuildConfiguration;
			baseConfigurationReference = 5EC0FC76C7D348147EB08942 /* Pods-devices.release.xcconfig */;
			buildSettings = {
				ASSETCATALOG_COMPILER_APPICON_NAME = AppIcon;
				ASSETCATALOG_COMPILER_GLOBAL_ACCENT_COLOR_NAME = AccentColor;
				CODE_SIGN_STYLE = Automatic;
				CURRENT_PROJECT_VERSION = 1;
				DEVELOPMENT_TEAM = 92RNZ7CX2N;
				GENERATE_INFOPLIST_FILE = YES;
				INFOPLIST_FILE = devices/Info.plist;
				INFOPLIST_KEY_UIApplicationSupportsIndirectInputEvents = YES;
				INFOPLIST_KEY_UILaunchStoryboardName = LaunchScreen;
				INFOPLIST_KEY_UISupportedInterfaceOrientations = UIInterfaceOrientationPortrait;
				IPHONEOS_DEPLOYMENT_TARGET = 15.0;
				LD_RUNPATH_SEARCH_PATHS = (
					"$(inherited)",
					"@executable_path/Frameworks",
				);
				MARKETING_VERSION = 1.0;
				PRODUCT_BUNDLE_IDENTIFIER = Elya.devices;
				PRODUCT_NAME = "$(TARGET_NAME)";
				SWIFT_EMIT_LOC_STRINGS = YES;
				SWIFT_VERSION = 5.0;
				TARGETED_DEVICE_FAMILY = "1,2";
			};
			name = Release;
		};
/* End XCBuildConfiguration section */

/* Begin XCConfigurationList section */
		6D6406B52B64077D0086E3F7 /* Build configuration list for PBXProject "devices" */ = {
			isa = XCConfigurationList;
			buildConfigurations = (
				6D6406CC2B64077F0086E3F7 /* Debug */,
				6D6406CD2B64077F0086E3F7 /* Release */,
			);
			defaultConfigurationIsVisible = 0;
			defaultConfigurationName = Release;
		};
		6D6406CE2B64077F0086E3F7 /* Build configuration list for PBXNativeTarget "devices" */ = {
			isa = XCConfigurationList;
			buildConfigurations = (
				6D6406CF2B64077F0086E3F7 /* Debug */,
				6D6406D02B64077F0086E3F7 /* Release */,
			);
			defaultConfigurationIsVisible = 0;
			defaultConfigurationName = Release;
		};
/* End XCConfigurationList section */
	};
	rootObject = 6D6406B22B64077D0086E3F7 /* Project object */;
}
